
Microsoft Visual Studio Solution File, Format Version 12.00
# Visual Studio 15
VisualStudioVersion = 15.0.28307.271
MinimumVisualStudioVersion = 10.0.40219.1
Project("{FAE04EC0-301F-11D3-BF4B-00C04F79EFBC}") = "SalesWebMVC", "SalesWebMVC\SalesWebMVC.csproj", "{AE69C375-8F89-4568-9F05-BFA3B65726EB}"
EndProject
Global
	GlobalSection(SolutionConfigurationPlatforms) = preSolution
		Debug|Any CPU = Debug|Any CPU
		Release|Any CPU = Release|Any CPU
	EndGlobalSection
	GlobalSection(ProjectConfigurationPlatforms) = postSolution
		{AE69C375-8F89-4568-9F05-BFA3B65726EB}.Debug|Any CPU.ActiveCfg = Debug|Any CPU
		{AE69C375-8F89-4568-9F05-BFA3B65726EB}.Debug|Any CPU.Build.0 = Debug|Any CPU
		{AE69C375-8F89-4568-9F05-BFA3B65726EB}.Release|Any CPU.ActiveCfg = Release|Any CPU
		{AE69C375-8F89-4568-9F05-BFA3B65726EB}.Release|Any CPU.Build.0 = Release|Any CPU
	EndGlobalSection
	GlobalSection(SolutionProperties) = preSolution
		HideSolutionNode = FALSE
	EndGlobalSection
	GlobalSection(ExtensibilityGlobals) = postSolution
		SolutionGuid = {F422031C-E923-4177-9E0D-C8DE247EB6C4}
	EndGlobalSection
EndGlobal
